
Microsoft Visual Studio Solution File, Format Version 12.00
# Visual Studio Version 17
VisualStudioVersion = 17.9.34728.123
MinimumVisualStudioVersion = 10.0.40219.1
Project("{FAE04EC0-301F-11D3-BF4B-00C04F79EFBC}") = "ProjCharGenerator", "ProjCharGenerator\ProjCharGenerator.csproj", "{B9767348-1873-40A0-AA82-5496B81F6FE8}"
EndProject
Project("{FAE04EC0-301F-11D3-BF4B-00C04F79EFBC}") = "TestProject1", "TestProject1\TestProject1.csproj", "{BC7CCC38-194C-4F20-AEAF-8788FC2E1205}"
EndProject
Global
	GlobalSection(SolutionConfigurationPlatforms) = preSolution
		Debug|Any CPU = Debug|Any CPU
		Release|Any CPU = Release|Any CPU
	EndGlobalSection
	GlobalSection(ProjectConfigurationPlatforms) = postSolution
		{B9767348-1873-40A0-AA82-5496B81F6FE8}.Debug|Any CPU.ActiveCfg = Debug|Any CPU
		{B9767348-1873-40A0-AA82-5496B81F6FE8}.Debug|Any CPU.Build.0 = Debug|Any CPU
		{B9767348-1873-40A0-AA82-5496B81F6FE8}.Release|Any CPU.ActiveCfg = Release|Any CPU
		{B9767348-1873-40A0-AA82-5496B81F6FE8}.Release|Any CPU.Build.0 = Release|Any CPU
		{BC7CCC38-194C-4F20-AEAF-8788FC2E1205}.Debug|Any CPU.ActiveCfg = Debug|Any CPU
		{BC7CCC38-194C-4F20-AEAF-8788FC2E1205}.Debug|Any CPU.Build.0 = Debug|Any CPU
		{BC7CCC38-194C-4F20-AEAF-8788FC2E1205}.Release|Any CPU.ActiveCfg = Release|Any CPU
		{BC7CCC38-194C-4F20-AEAF-8788FC2E1205}.Release|Any CPU.Build.0 = Release|Any CPU
	EndGlobalSection
	GlobalSection(SolutionProperties) = preSolution
		HideSolutionNode = FALSE
	EndGlobalSection
	GlobalSection(ExtensibilityGlobals) = postSolution
		SolutionGuid = {6B6E51FA-D61C-4E3F-91A8-DD3C2ABD3F2B}
	EndGlobalSection
EndGlobal
