
Microsoft Visual Studio Solution File, Format Version 12.00
# Visual Studio Version 17
VisualStudioVersion = 17.7.34031.279
MinimumVisualStudioVersion = 10.0.40219.1
Project("{9A19103F-16F7-4668-BE54-9A1E7A4F7556}") = "ProjCharGenerator", "ProjCharGenerator\ProjCharGenerator.csproj", "{17631853-459B-4430-8664-60710D65A14F}"
EndProject
Project("{FAE04EC0-301F-11D3-BF4B-00C04F79EFBC}") = "TestProject1", "Tests\TestProject1.csproj", "{FE7A5FDE-C7D2-48BD-B62D-669E6844A932}"
EndProject
Global
	GlobalSection(SolutionConfigurationPlatforms) = preSolution
		Debug|Any CPU = Debug|Any CPU
		Release|Any CPU = Release|Any CPU
	EndGlobalSection
	GlobalSection(ProjectConfigurationPlatforms) = postSolution
		{17631853-459B-4430-8664-60710D65A14F}.Debug|Any CPU.ActiveCfg = Debug|Any CPU
		{17631853-459B-4430-8664-60710D65A14F}.Debug|Any CPU.Build.0 = Debug|Any CPU
		{17631853-459B-4430-8664-60710D65A14F}.Release|Any CPU.ActiveCfg = Release|Any CPU
		{17631853-459B-4430-8664-60710D65A14F}.Release|Any CPU.Build.0 = Release|Any CPU
		{FE7A5FDE-C7D2-48BD-B62D-669E6844A932}.Debug|Any CPU.ActiveCfg = Debug|Any CPU
		{FE7A5FDE-C7D2-48BD-B62D-669E6844A932}.Debug|Any CPU.Build.0 = Debug|Any CPU
		{FE7A5FDE-C7D2-48BD-B62D-669E6844A932}.Release|Any CPU.ActiveCfg = Release|Any CPU
		{FE7A5FDE-C7D2-48BD-B62D-669E6844A932}.Release|Any CPU.Build.0 = Release|Any CPU
	EndGlobalSection
	GlobalSection(SolutionProperties) = preSolution
		HideSolutionNode = FALSE
	EndGlobalSection
	GlobalSection(ExtensibilityGlobals) = postSolution
		SolutionGuid = {422924E9-3470-408D-9C06-6DB56158D47A}
	EndGlobalSection
EndGlobal
