
Microsoft Visual Studio Solution File, Format Version 12.00
# Visual Studio Version 17
VisualStudioVersion = 17.1.32210.238
MinimumVisualStudioVersion = 10.0.40219.1
Project("{FAE04EC0-301F-11D3-BF4B-00C04F79EFBC}") = "MIPS_lab_05", "MIPS_lab_05\MIPS_lab_05.csproj", "{A1F0EF2A-6DEC-472B-94E0-911F1D64AC7E}"
EndProject
Global
	GlobalSection(SolutionConfigurationPlatforms) = preSolution
		Debug|Any CPU = Debug|Any CPU
		Release|Any CPU = Release|Any CPU
	EndGlobalSection
	GlobalSection(ProjectConfigurationPlatforms) = postSolution
		{A1F0EF2A-6DEC-472B-94E0-911F1D64AC7E}.Debug|Any CPU.ActiveCfg = Debug|Any CPU
		{A1F0EF2A-6DEC-472B-94E0-911F1D64AC7E}.Debug|Any CPU.Build.0 = Debug|Any CPU
		{A1F0EF2A-6DEC-472B-94E0-911F1D64AC7E}.Release|Any CPU.ActiveCfg = Release|Any CPU
		{A1F0EF2A-6DEC-472B-94E0-911F1D64AC7E}.Release|Any CPU.Build.0 = Release|Any CPU
	EndGlobalSection
	GlobalSection(SolutionProperties) = preSolution
		HideSolutionNode = FALSE
	EndGlobalSection
	GlobalSection(ExtensibilityGlobals) = postSolution
		SolutionGuid = {6BCBDD50-6D08-405E-9A95-4F2C173DDF70}
	EndGlobalSection
EndGlobal
